
Microsoft Visual Studio Solution File, Format Version 12.00
# Visual Studio Version 16
VisualStudioVersion = 16.0.32802.440
MinimumVisualStudioVersion = 10.0.40219.1
Project("{FAE04EC0-301F-11D3-BF4B-00C04F79EFBC}") = "Eportafolio2", "Eportafolio2\Eportafolio2.csproj", "{B9581B8C-2AD2-4574-BB46-AD0E66BFB631}"
EndProject
Global
	GlobalSection(SolutionConfigurationPlatforms) = preSolution
		Debug|Any CPU = Debug|Any CPU
		Release|Any CPU = Release|Any CPU
	EndGlobalSection
	GlobalSection(ProjectConfigurationPlatforms) = postSolution
		{B9581B8C-2AD2-4574-BB46-AD0E66BFB631}.Debug|Any CPU.ActiveCfg = Debug|Any CPU
		{B9581B8C-2AD2-4574-BB46-AD0E66BFB631}.Debug|Any CPU.Build.0 = Debug|Any CPU
		{B9581B8C-2AD2-4574-BB46-AD0E66BFB631}.Release|Any CPU.ActiveCfg = Release|Any CPU
		{B9581B8C-2AD2-4574-BB46-AD0E66BFB631}.Release|Any CPU.Build.0 = Release|Any CPU
	EndGlobalSection
	GlobalSection(SolutionProperties) = preSolution
		HideSolutionNode = FALSE
	EndGlobalSection
	GlobalSection(ExtensibilityGlobals) = postSolution
		SolutionGuid = {AA601C89-7CAD-4C69-B96A-A8EF45D6D656}
	EndGlobalSection
EndGlobal
